
Microsoft Visual Studio Solution File, Format Version 12.00
# Visual Studio Version 17
VisualStudioVersion = 17.6.33801.468
MinimumVisualStudioVersion = 10.0.40219.1
Project("{FAE04EC0-301F-11D3-BF4B-00C04F79EFBC}") = "Fiap.Web.Aula02", "Fiap.Web.Aula02\Fiap.Web.Aula02.csproj", "{122D0BC5-1EA5-4E3E-B82C-497FE2AC36BE}"
EndProject
Global
	GlobalSection(SolutionConfigurationPlatforms) = preSolution
		Debug|Any CPU = Debug|Any CPU
		Release|Any CPU = Release|Any CPU
	EndGlobalSection
	GlobalSection(ProjectConfigurationPlatforms) = postSolution
		{122D0BC5-1EA5-4E3E-B82C-497FE2AC36BE}.Debug|Any CPU.ActiveCfg = Debug|Any CPU
		{122D0BC5-1EA5-4E3E-B82C-497FE2AC36BE}.Debug|Any CPU.Build.0 = Debug|Any CPU
		{122D0BC5-1EA5-4E3E-B82C-497FE2AC36BE}.Release|Any CPU.ActiveCfg = Release|Any CPU
		{122D0BC5-1EA5-4E3E-B82C-497FE2AC36BE}.Release|Any CPU.Build.0 = Release|Any CPU
	EndGlobalSection
	GlobalSection(SolutionProperties) = preSolution
		HideSolutionNode = FALSE
	EndGlobalSection
	GlobalSection(ExtensibilityGlobals) = postSolution
		SolutionGuid = {B612965A-0E87-4461-B086-04701A2FCC8C}
	EndGlobalSection
EndGlobal
